
Microsoft Visual Studio Solution File, Format Version 12.00
# Visual Studio Version 16
VisualStudioVersion = 16.0.31613.86
MinimumVisualStudioVersion = 10.0.40219.1
Project("{FAE04EC0-301F-11D3-BF4B-00C04F79EFBC}") = "datcL02_RESTAPI", "datcL02_RESTAPI.csproj", "{3353E132-1793-4D9C-A0EF-06C3AC893333}"
EndProject
Global
	GlobalSection(SolutionConfigurationPlatforms) = preSolution
		Debug|Any CPU = Debug|Any CPU
		Release|Any CPU = Release|Any CPU
	EndGlobalSection
	GlobalSection(ProjectConfigurationPlatforms) = postSolution
		{3353E132-1793-4D9C-A0EF-06C3AC893333}.Debug|Any CPU.ActiveCfg = Debug|Any CPU
		{3353E132-1793-4D9C-A0EF-06C3AC893333}.Debug|Any CPU.Build.0 = Debug|Any CPU
		{3353E132-1793-4D9C-A0EF-06C3AC893333}.Release|Any CPU.ActiveCfg = Release|Any CPU
		{3353E132-1793-4D9C-A0EF-06C3AC893333}.Release|Any CPU.Build.0 = Release|Any CPU
	EndGlobalSection
	GlobalSection(SolutionProperties) = preSolution
		HideSolutionNode = FALSE
	EndGlobalSection
	GlobalSection(ExtensibilityGlobals) = postSolution
		SolutionGuid = {3A69C992-36E8-4197-8082-412F6C2F999B}
	EndGlobalSection
EndGlobal
