
Microsoft Visual Studio Solution File, Format Version 12.00
# Visual Studio Version 16
VisualStudioVersion = 16.0.31613.86
MinimumVisualStudioVersion = 10.0.40219.1
Project("{FAE04EC0-301F-11D3-BF4B-00C04F79EFBC}") = "L03ambArmando", "L03ambArmando.csproj", "{F7A56109-FE39-4519-B10E-DDF8E2568C67}"
EndProject
Global
	GlobalSection(SolutionConfigurationPlatforms) = preSolution
		Debug|Any CPU = Debug|Any CPU
		Release|Any CPU = Release|Any CPU
	EndGlobalSection
	GlobalSection(ProjectConfigurationPlatforms) = postSolution
		{F7A56109-FE39-4519-B10E-DDF8E2568C67}.Debug|Any CPU.ActiveCfg = Debug|Any CPU
		{F7A56109-FE39-4519-B10E-DDF8E2568C67}.Debug|Any CPU.Build.0 = Debug|Any CPU
		{F7A56109-FE39-4519-B10E-DDF8E2568C67}.Release|Any CPU.ActiveCfg = Release|Any CPU
		{F7A56109-FE39-4519-B10E-DDF8E2568C67}.Release|Any CPU.Build.0 = Release|Any CPU
	EndGlobalSection
	GlobalSection(SolutionProperties) = preSolution
		HideSolutionNode = FALSE
	EndGlobalSection
	GlobalSection(ExtensibilityGlobals) = postSolution
		SolutionGuid = {E4EE0944-B227-4C01-97CB-C6956D3D6CEE}
	EndGlobalSection
EndGlobal
